<Solution>
  <Folder Name="/Task0/">
    <Project Path="Tyuiu.GilevaAP.Sprint1.Task0.V1.Lib/Tyuiu.GilevaAP.Sprint1.Task0.V1.Lib.csproj" />
    <Project Path="Tyuiu.GilevaAP.Sprint1.Task0.V1.Test/Tyuiu.GilevaAP.Sprint1.Task0.V1.Test.csproj" />
    <Project Path="Tyuiu.GilevaAP.Sprint1.Task0.V1/Tyuiu.GilevaAP.Sprint1.Task0.V1.csproj" />
  </Folder>
  <Folder Name="/Task1/">
    <Project Path="Tyuiu.GilevaAP.Sprint1.Task1.V11.Lib/Tyuiu.GilevaAP.Sprint1.Task1.V11.Lib.csproj" Id="e25afc66-214d-44b4-b3e6-e0bd1e93599e" />
    <Project Path="Tyuiu.GilevaAP.Sprint1.Task1.V11.Test/Tyuiu.GilevaAP.Sprint1.Task1.V11.Test.csproj" Id="219027b7-1a2b-46e6-8156-67aea18a0f9f" />
    <Project Path="Tyuiu.GilevaAP.Sprint1.Task1.V11/Tyuiu.GilevaAP.Sprint1.Task1.V11.csproj" Id="27d1e3f0-aa9a-4af2-a910-e65e499ab8a1" />
  </Folder>
  <Folder Name="/Task2/">
    <Project Path="Tyuiu.GilevaAP.Sprint1.Task2.V11.Lib/Tyuiu.GilevaAP.Sprint1.Task2.V11.Lib.csproj" Id="790e7994-41ca-4537-b1f3-5f885c0e12c7" />
    <Project Path="Tyuiu.GilevaAP.Sprint1.Task2.V11.Test/Tyuiu.GilevaAP.Sprint1.Task2.V11.Test.csproj" Id="26d52bb5-134a-4f6f-b053-3c24a12a34c8" />
    <Project Path="Tyuiu.GilevaAP.Sprint1.Task2.V11/Tyuiu.GilevaAP.Sprint1.Task2.V11.csproj" Id="dd05ded4-8e7a-402d-916c-5779d12e788d" />
  </Folder>
  <Folder Name="/Task3/">
    <Project Path="Tyuiu.GilevaAP.Sprint1.Task3.V16.Lib/Tyuiu.GilevaAP.Sprint1.Task3.V16.Lib.csproj" Id="b82a689d-de57-44b5-906b-ee8ff6ad7511" />
    <Project Path="Tyuiu.GilevaAP.Sprint1.Task3.V16.Test/Tyuiu.GilevaAP.Sprint1.Task3.V16.Test.csproj" Id="12880860-e5ee-41ef-b61c-dcbfdcf505d4" />
    <Project Path="Tyuiu.GilevaAP.Sprint1.Task3.V16/Tyuiu.GilevaAP.Sprint1.Task3.V16.csproj" Id="1d05fa37-93d6-48cd-ab37-d05e3c69d19f" />
  </Folder>
</Solution>
